{
  "name": "csc-ui",
  "version": "0.0.68",
  "lockfileVersion": 1,
  "requires": true,
  "dependencies": {
    "@mdi/js": {
      "version": "4.9.95",
      "resolved": "https://registry.npmjs.org/@mdi/js/-/js-4.9.95.tgz",
      "integrity": "sha512-6zKTCqZUCuDWJThdRcjdFTqp2BXfYwXI1UlYa68A1/kmCcy1ijpbpRbrJcUdZ+9WojencCh1DOGFqhj/x8I/eQ=="
    },
    "@stencil/angular-output-target": {
      "version": "0.0.2",
      "resolved": "https://registry.npmjs.org/@stencil/angular-output-target/-/angular-output-target-0.0.2.tgz",
      "integrity": "sha512-GyQ/VTipzzweuNYbs+FrK1q3FSEG4LZkzg+keuMQNRDX77aCy5hsYivspMRMwOXIwUXh9wSIzqQR3JuLiFHzcw==",
      "dev": true
    },
    "@stencil/core": {
      "version": "1.17.3",
      "resolved": "https://registry.npmjs.org/@stencil/core/-/core-1.17.3.tgz",
      "integrity": "sha512-q5joOYUPHTNa/5hEThMT/QEJ/suN8bpcYbV/LrSNsgsgHN+RJ05jCpU8VAShdUPT6WzoyF2iGgYc/EI2xeqFzw==",
      "dev": true,
      "requires": {
        "typescript": "3.9.7"
      }
    },
    "tiny-slider": {
      "version": "2.9.3",
      "resolved": "https://registry.npmjs.org/tiny-slider/-/tiny-slider-2.9.3.tgz",
      "integrity": "sha512-KZY45m+t3fb3Kwlqsic0PIos1lgTNXBEC5N/AhI3aNEcryrd0nXohZMbVPMkcNYdbLjY1IUJAXWYAO6/RGJnKw=="
    },
    "typescript": {
      "version": "3.9.7",
      "resolved": "https://registry.npmjs.org/typescript/-/typescript-3.9.7.tgz",
      "integrity": "sha512-BLbiRkiBzAwsjut4x/dsibSTB6yWpwT5qWmC2OfuCg3GgVQCSgMs4vEctYPhsaGtd0AeuuHMkjZ2h2WG8MSzRw==",
      "dev": true
    }
  }
}
