{
  "name": "csc-ui",
  "version": "0.1.88",
  "lockfileVersion": 1,
  "requires": true,
  "dependencies": {
    "@mdi/js": {
      "version": "4.9.95",
      "resolved": "https://registry.npmjs.org/@mdi/js/-/js-4.9.95.tgz",
      "integrity": "sha512-6zKTCqZUCuDWJThdRcjdFTqp2BXfYwXI1UlYa68A1/kmCcy1ijpbpRbrJcUdZ+9WojencCh1DOGFqhj/x8I/eQ=="
    },
    "@stencil/angular-output-target": {
      "version": "0.0.2",
      "resolved": "https://registry.npmjs.org/@stencil/angular-output-target/-/angular-output-target-0.0.2.tgz",
      "integrity": "sha512-GyQ/VTipzzweuNYbs+FrK1q3FSEG4LZkzg+keuMQNRDX77aCy5hsYivspMRMwOXIwUXh9wSIzqQR3JuLiFHzcw==",
      "dev": true
    },
    "@stencil/core": {
      "version": "2.5.1",
      "resolved": "https://registry.npmjs.org/@stencil/core/-/core-2.5.1.tgz",
      "integrity": "sha512-SHVX/XaMYEzZJr7ttFSU9a1GmZRMUS9l7f/hbWnKYRn4S9zl1CqGf2iR/ofJ7B+vKaHLjapCAVrzCrkciVIpXA==",
      "dev": true
    },
    "tiny-slider": {
      "version": "2.9.3",
      "resolved": "https://registry.npmjs.org/tiny-slider/-/tiny-slider-2.9.3.tgz",
      "integrity": "sha512-KZY45m+t3fb3Kwlqsic0PIos1lgTNXBEC5N/AhI3aNEcryrd0nXohZMbVPMkcNYdbLjY1IUJAXWYAO6/RGJnKw=="
    }
  }
}
